
Microsoft Visual Studio Solution File, Format Version 12.00
# Visual Studio 2015
Project("{FAE04EC0-301F-11D3-BF4B-00C04F79EFBC}") = "DISH.CSharp.Plugins", "DISH.CSharp.Plugins.csproj", "{7396D576-6E03-3794-4139-A45928F99DF2}"
EndProject
Project("{FAE04EC0-301F-11D3-BF4B-00C04F79EFBC}") = "DISH.CSharp", "DISH.CSharp.csproj", "{3F55F061-6BC3-250B-4449-000A59D8189B}"
EndProject
Project("{FAE04EC0-301F-11D3-BF4B-00C04F79EFBC}") = "DISH.CSharp.Editor", "DISH.CSharp.Editor.csproj", "{C3D276F5-C9E0-FCBE-BD41-E65528AB3F65}"
EndProject
Global
	GlobalSection(SolutionConfigurationPlatforms) = preSolution
		Debug|Any CPU = Debug|Any CPU
		Release|Any CPU = Release|Any CPU
	EndGlobalSection
	GlobalSection(ProjectConfigurationPlatforms) = postSolution
		{7396D576-6E03-3794-4139-A45928F99DF2}.Debug|Any CPU.ActiveCfg = Debug|Any CPU
		{7396D576-6E03-3794-4139-A45928F99DF2}.Debug|Any CPU.Build.0 = Debug|Any CPU
		{7396D576-6E03-3794-4139-A45928F99DF2}.Release|Any CPU.ActiveCfg = Release|Any CPU
		{7396D576-6E03-3794-4139-A45928F99DF2}.Release|Any CPU.Build.0 = Release|Any CPU
		{3F55F061-6BC3-250B-4449-000A59D8189B}.Debug|Any CPU.ActiveCfg = Debug|Any CPU
		{3F55F061-6BC3-250B-4449-000A59D8189B}.Debug|Any CPU.Build.0 = Debug|Any CPU
		{3F55F061-6BC3-250B-4449-000A59D8189B}.Release|Any CPU.ActiveCfg = Release|Any CPU
		{3F55F061-6BC3-250B-4449-000A59D8189B}.Release|Any CPU.Build.0 = Release|Any CPU
		{C3D276F5-C9E0-FCBE-BD41-E65528AB3F65}.Debug|Any CPU.ActiveCfg = Debug|Any CPU
		{C3D276F5-C9E0-FCBE-BD41-E65528AB3F65}.Debug|Any CPU.Build.0 = Debug|Any CPU
		{C3D276F5-C9E0-FCBE-BD41-E65528AB3F65}.Release|Any CPU.ActiveCfg = Release|Any CPU
		{C3D276F5-C9E0-FCBE-BD41-E65528AB3F65}.Release|Any CPU.Build.0 = Release|Any CPU
	EndGlobalSection
	GlobalSection(SolutionProperties) = preSolution
		HideSolutionNode = FALSE
	EndGlobalSection
EndGlobal
